
Microsoft Visual Studio Solution File, Format Version 12.00
# Visual Studio Version 16
VisualStudioVersion = 16.0.31702.278
MinimumVisualStudioVersion = 10.0.40219.1
Project("{FAE04EC0-301F-11D3-BF4B-00C04F79EFBC}") = "CinemaApplication", "CinemaApplication\CinemaApplication.csproj", "{DFE7CC1E-BD75-410E-9743-0D3DA458798E}"
EndProject
Global
	GlobalSection(SolutionConfigurationPlatforms) = preSolution
		Debug|Any CPU = Debug|Any CPU
		Release|Any CPU = Release|Any CPU
	EndGlobalSection
	GlobalSection(ProjectConfigurationPlatforms) = postSolution
		{DFE7CC1E-BD75-410E-9743-0D3DA458798E}.Debug|Any CPU.ActiveCfg = Debug|Any CPU
		{DFE7CC1E-BD75-410E-9743-0D3DA458798E}.Debug|Any CPU.Build.0 = Debug|Any CPU
		{DFE7CC1E-BD75-410E-9743-0D3DA458798E}.Release|Any CPU.ActiveCfg = Release|Any CPU
		{DFE7CC1E-BD75-410E-9743-0D3DA458798E}.Release|Any CPU.Build.0 = Release|Any CPU
	EndGlobalSection
	GlobalSection(SolutionProperties) = preSolution
		HideSolutionNode = FALSE
	EndGlobalSection
	GlobalSection(ExtensibilityGlobals) = postSolution
		SolutionGuid = {A435A366-29F3-4ACE-A5DB-ADA4D7F3E10C}
	EndGlobalSection
EndGlobal
